// !$*UTF8*$!
{
	archiveVersion = 1;
	classes = {
	};
	objectVersion = 56;
	objects = {

/* Begin PBXBuildFile section */
		84883BCD2AA98ACC006F6759 /* MeetingHeaderView.swift in Sources */ = {isa = PBXBuildFile; fileRef = 84883BCC2AA98ACC006F6759 /* MeetingHeaderView.swift */; };
		84883BCF2AA98C9E006F6759 /* ScrumProgressViewStyle.swift in Sources */ = {isa = PBXBuildFile; fileRef = 84883BCE2AA98C9E006F6759 /* ScrumProgressViewStyle.swift */; };
		84883BD12AA98E4E006F6759 /* ScrumTimer.swift in Sources */ = {isa = PBXBuildFile; fileRef = 84883BD02AA98E4E006F6759 /* ScrumTimer.swift */; };
		84883BD32AA9ACA1006F6759 /* MeetingFooterView.swift in Sources */ = {isa = PBXBuildFile; fileRef = 84883BD22AA9ACA1006F6759 /* MeetingFooterView.swift */; };
		84883BD52AA9BA8B006F6759 /* AVPlayer+Ding.swift in Sources */ = {isa = PBXBuildFile; fileRef = 84883BD42AA9BA8B006F6759 /* AVPlayer+Ding.swift */; };
		84883BDA2AA9BBA3006F6759 /* ding.wav in Resources */ = {isa = PBXBuildFile; fileRef = 84883BD92AA9BBA3006F6759 /* ding.wav */; };
		84883BDC2AA9BDDF006F6759 /* NewScrumSheet.swift in Sources */ = {isa = PBXBuildFile; fileRef = 84883BDB2AA9BDDF006F6759 /* NewScrumSheet.swift */; };
		84883BDE2AA9BFC4006F6759 /* EditDetailSheet.swift in Sources */ = {isa = PBXBuildFile; fileRef = 84883BDD2AA9BFC4006F6759 /* EditDetailSheet.swift */; };
		84883BE02AA9D10F006F6759 /* History.swift in Sources */ = {isa = PBXBuildFile; fileRef = 84883BDF2AA9D10F006F6759 /* History.swift */; };
		84883BE22AA9D65F006F6759 /* ScrumStore.swift in Sources */ = {isa = PBXBuildFile; fileRef = 84883BE12AA9D65F006F6759 /* ScrumStore.swift */; };
		84883BE42AAAF241006F6759 /* ErrorWrapper.swift in Sources */ = {isa = PBXBuildFile; fileRef = 84883BE32AAAF241006F6759 /* ErrorWrapper.swift */; };
		84883BE62AAAF2AB006F6759 /* ErrorView.swift in Sources */ = {isa = PBXBuildFile; fileRef = 84883BE52AAAF2AB006F6759 /* ErrorView.swift */; };
		84883BE92AAAF734006F6759 /* MeetingTimerView.swift in Sources */ = {isa = PBXBuildFile; fileRef = 84883BE82AAAF734006F6759 /* MeetingTimerView.swift */; };
		84883BEB2AAAF933006F6759 /* SpeakerArc.swift in Sources */ = {isa = PBXBuildFile; fileRef = 84883BEA2AAAF933006F6759 /* SpeakerArc.swift */; };
		84883BED2AAB0FF0006F6759 /* SpeechRecognizer.swift in Sources */ = {isa = PBXBuildFile; fileRef = 84883BEC2AAB0FF0006F6759 /* SpeechRecognizer.swift */; };
		84883BEF2AAB2505006F6759 /* HistoryView.swift in Sources */ = {isa = PBXBuildFile; fileRef = 84883BEE2AAB2505006F6759 /* HistoryView.swift */; };
		84BF2F772AA8171700739E38 /* ScrumdingerApp.swift in Sources */ = {isa = PBXBuildFile; fileRef = 84BF2F762AA8171700739E38 /* ScrumdingerApp.swift */; };
		84BF2F792AA8171700739E38 /* MeetingView.swift in Sources */ = {isa = PBXBuildFile; fileRef = 84BF2F782AA8171700739E38 /* MeetingView.swift */; };
		84BF2F7B2AA8171800739E38 /* Assets.xcassets in Resources */ = {isa = PBXBuildFile; fileRef = 84BF2F7A2AA8171800739E38 /* Assets.xcassets */; };
		84BF2F7E2AA8171800739E38 /* Preview Assets.xcassets in Resources */ = {isa = PBXBuildFile; fileRef = 84BF2F7D2AA8171800739E38 /* Preview Assets.xcassets */; };
		84BF2F862AA81C7100739E38 /* Theme.swift in Sources */ = {isa = PBXBuildFile; fileRef = 84BF2F852AA81C7100739E38 /* Theme.swift */; };
		84BF2F882AA81FB300739E38 /* DailyScrum.swift in Sources */ = {isa = PBXBuildFile; fileRef = 84BF2F872AA81FB300739E38 /* DailyScrum.swift */; };
		84BF2F8A2AA8223000739E38 /* CardView.swift in Sources */ = {isa = PBXBuildFile; fileRef = 84BF2F892AA8223000739E38 /* CardView.swift */; };
		84BF2F8C2AA82B5600739E38 /* TrailingIconLabelStyle.swift in Sources */ = {isa = PBXBuildFile; fileRef = 84BF2F8B2AA82B5600739E38 /* TrailingIconLabelStyle.swift */; };
		84BF2F8E2AA8353000739E38 /* ScrumsView.swift in Sources */ = {isa = PBXBuildFile; fileRef = 84BF2F8D2AA8353000739E38 /* ScrumsView.swift */; };
		84BF2F902AA83A5C00739E38 /* DetailView.swift in Sources */ = {isa = PBXBuildFile; fileRef = 84BF2F8F2AA83A5C00739E38 /* DetailView.swift */; };
		84DF36C12AA851F50078B54B /* DetailEditView.swift in Sources */ = {isa = PBXBuildFile; fileRef = 84DF36C02AA851F50078B54B /* DetailEditView.swift */; };
		84DF36C32AA8587B0078B54B /* ThemeView.swift in Sources */ = {isa = PBXBuildFile; fileRef = 84DF36C22AA8587B0078B54B /* ThemeView.swift */; };
		84F552CE2AA85AB5003F6E7F /* ThemePicker.swift in Sources */ = {isa = PBXBuildFile; fileRef = 84F552CD2AA85AB5003F6E7F /* ThemePicker.swift */; };
/* End PBXBuildFile section */

/* Begin PBXFileReference section */
		84883BCC2AA98ACC006F6759 /* MeetingHeaderView.swift */ = {isa = PBXFileReference; lastKnownFileType = sourcecode.swift; path = MeetingHeaderView.swift; sourceTree = "<group>"; };
		84883BCE2AA98C9E006F6759 /* ScrumProgressViewStyle.swift */ = {isa = PBXFileReference; lastKnownFileType = sourcecode.swift; path = ScrumProgressViewStyle.swift; sourceTree = "<group>"; };
		84883BD02AA98E4E006F6759 /* ScrumTimer.swift */ = {isa = PBXFileReference; lastKnownFileType = sourcecode.swift; path = ScrumTimer.swift; sourceTree = "<group>"; };
		84883BD22AA9ACA1006F6759 /* MeetingFooterView.swift */ = {isa = PBXFileReference; lastKnownFileType = sourcecode.swift; path = MeetingFooterView.swift; sourceTree = "<group>"; };
		84883BD42AA9BA8B006F6759 /* AVPlayer+Ding.swift */ = {isa = PBXFileReference; fileEncoding = 4; lastKnownFileType = sourcecode.swift; name = "AVPlayer+Ding.swift"; path = "../../../../Downloads/ManagingStateAndLifeCycle/StartingProject/Scrumdinger/Models/AVPlayer+Ding.swift"; sourceTree = "<group>"; };
		84883BD92AA9BBA3006F6759 /* ding.wav */ = {isa = PBXFileReference; lastKnownFileType = audio.wav; path = ding.wav; sourceTree = "<group>"; };
		84883BDB2AA9BDDF006F6759 /* NewScrumSheet.swift */ = {isa = PBXFileReference; lastKnownFileType = sourcecode.swift; path = NewScrumSheet.swift; sourceTree = "<group>"; };
		84883BDD2AA9BFC4006F6759 /* EditDetailSheet.swift */ = {isa = PBXFileReference; lastKnownFileType = sourcecode.swift; path = EditDetailSheet.swift; sourceTree = "<group>"; };
		84883BDF2AA9D10F006F6759 /* History.swift */ = {isa = PBXFileReference; lastKnownFileType = sourcecode.swift; path = History.swift; sourceTree = "<group>"; };
		84883BE12AA9D65F006F6759 /* ScrumStore.swift */ = {isa = PBXFileReference; lastKnownFileType = sourcecode.swift; path = ScrumStore.swift; sourceTree = "<group>"; };
		84883BE32AAAF241006F6759 /* ErrorWrapper.swift */ = {isa = PBXFileReference; lastKnownFileType = sourcecode.swift; path = ErrorWrapper.swift; sourceTree = "<group>"; };
		84883BE52AAAF2AB006F6759 /* ErrorView.swift */ = {isa = PBXFileReference; lastKnownFileType = sourcecode.swift; path = ErrorView.swift; sourceTree = "<group>"; };
		84883BE82AAAF734006F6759 /* MeetingTimerView.swift */ = {isa = PBXFileReference; lastKnownFileType = sourcecode.swift; path = MeetingTimerView.swift; sourceTree = "<group>"; };
		84883BEA2AAAF933006F6759 /* SpeakerArc.swift */ = {isa = PBXFileReference; lastKnownFileType = sourcecode.swift; path = SpeakerArc.swift; sourceTree = "<group>"; };
		84883BEC2AAB0FF0006F6759 /* SpeechRecognizer.swift */ = {isa = PBXFileReference; lastKnownFileType = sourcecode.swift; path = SpeechRecognizer.swift; sourceTree = "<group>"; };
		84883BEE2AAB2505006F6759 /* HistoryView.swift */ = {isa = PBXFileReference; lastKnownFileType = sourcecode.swift; path = HistoryView.swift; sourceTree = "<group>"; };
		84BF2F732AA8171700739E38 /* Scrumdinger.app */ = {isa = PBXFileReference; explicitFileType = wrapper.application; includeInIndex = 0; path = Scrumdinger.app; sourceTree = BUILT_PRODUCTS_DIR; };
		84BF2F762AA8171700739E38 /* ScrumdingerApp.swift */ = {isa = PBXFileReference; lastKnownFileType = sourcecode.swift; path = ScrumdingerApp.swift; sourceTree = "<group>"; };
		84BF2F782AA8171700739E38 /* MeetingView.swift */ = {isa = PBXFileReference; lastKnownFileType = sourcecode.swift; path = MeetingView.swift; sourceTree = "<group>"; };
		84BF2F7A2AA8171800739E38 /* Assets.xcassets */ = {isa = PBXFileReference; lastKnownFileType = folder.assetcatalog; path = Assets.xcassets; sourceTree = "<group>"; };
		84BF2F7D2AA8171800739E38 /* Preview Assets.xcassets */ = {isa = PBXFileReference; lastKnownFileType = folder.assetcatalog; path = "Preview Assets.xcassets"; sourceTree = "<group>"; };
		84BF2F852AA81C7100739E38 /* Theme.swift */ = {isa = PBXFileReference; lastKnownFileType = sourcecode.swift; path = Theme.swift; sourceTree = "<group>"; };
		84BF2F872AA81FB300739E38 /* DailyScrum.swift */ = {isa = PBXFileReference; lastKnownFileType = sourcecode.swift; path = DailyScrum.swift; sourceTree = "<group>"; };
		84BF2F892AA8223000739E38 /* CardView.swift */ = {isa = PBXFileReference; lastKnownFileType = sourcecode.swift; path = CardView.swift; sourceTree = "<group>"; };
		84BF2F8B2AA82B5600739E38 /* TrailingIconLabelStyle.swift */ = {isa = PBXFileReference; lastKnownFileType = sourcecode.swift; path = TrailingIconLabelStyle.swift; sourceTree = "<group>"; };
		84BF2F8D2AA8353000739E38 /* ScrumsView.swift */ = {isa = PBXFileReference; lastKnownFileType = sourcecode.swift; path = ScrumsView.swift; sourceTree = "<group>"; };
		84BF2F8F2AA83A5C00739E38 /* DetailView.swift */ = {isa = PBXFileReference; lastKnownFileType = sourcecode.swift; path = DetailView.swift; sourceTree = "<group>"; };
		84DF36C02AA851F50078B54B /* DetailEditView.swift */ = {isa = PBXFileReference; lastKnownFileType = sourcecode.swift; path = DetailEditView.swift; sourceTree = "<group>"; };
		84DF36C22AA8587B0078B54B /* ThemeView.swift */ = {isa = PBXFileReference; lastKnownFileType = sourcecode.swift; path = ThemeView.swift; sourceTree = "<group>"; };
		84F552CD2AA85AB5003F6E7F /* ThemePicker.swift */ = {isa = PBXFileReference; lastKnownFileType = sourcecode.swift; path = ThemePicker.swift; sourceTree = "<group>"; };
/* End PBXFileReference section */

/* Begin PBXFrameworksBuildPhase section */
		84BF2F702AA8171700739E38 /* Frameworks */ = {
			isa = PBXFrameworksBuildPhase;
			buildActionMask = 2147483647;
			files = (
			);
			runOnlyForDeploymentPostprocessing = 0;
		};
/* End PBXFrameworksBuildPhase section */

/* Begin PBXGroup section */
		84883BD82AA9BBA3006F6759 /* Resources */ = {
			isa = PBXGroup;
			children = (
				84883BD92AA9BBA3006F6759 /* ding.wav */,
			);
			path = Resources;
			sourceTree = "<group>";
		};
		84883BE72AAAF6D0006F6759 /* Views */ = {
			isa = PBXGroup;
			children = (
				84BF2F892AA8223000739E38 /* CardView.swift */,
				84BF2F8B2AA82B5600739E38 /* TrailingIconLabelStyle.swift */,
				84BF2F8D2AA8353000739E38 /* ScrumsView.swift */,
				84BF2F8F2AA83A5C00739E38 /* DetailView.swift */,
				84DF36C02AA851F50078B54B /* DetailEditView.swift */,
				84DF36C22AA8587B0078B54B /* ThemeView.swift */,
				84F552CD2AA85AB5003F6E7F /* ThemePicker.swift */,
				84883BCC2AA98ACC006F6759 /* MeetingHeaderView.swift */,
				84883BCE2AA98C9E006F6759 /* ScrumProgressViewStyle.swift */,
				84883BD22AA9ACA1006F6759 /* MeetingFooterView.swift */,
				84883BDD2AA9BFC4006F6759 /* EditDetailSheet.swift */,
				84883BE52AAAF2AB006F6759 /* ErrorView.swift */,
				84BF2F762AA8171700739E38 /* ScrumdingerApp.swift */,
				84BF2F782AA8171700739E38 /* MeetingView.swift */,
				84883BE82AAAF734006F6759 /* MeetingTimerView.swift */,
				84883BEA2AAAF933006F6759 /* SpeakerArc.swift */,
				84883BEE2AAB2505006F6759 /* HistoryView.swift */,
			);
			path = Views;
			sourceTree = "<group>";
		};
		84BF2F6A2AA8171700739E38 = {
			isa = PBXGroup;
			children = (
				84BF2F752AA8171700739E38 /* Scrumdinger */,
				84BF2F742AA8171700739E38 /* Products */,
			);
			sourceTree = "<group>";
		};
		84BF2F742AA8171700739E38 /* Products */ = {
			isa = PBXGroup;
			children = (
				84BF2F732AA8171700739E38 /* Scrumdinger.app */,
			);
			name = Products;
			sourceTree = "<group>";
		};
		84BF2F752AA8171700739E38 /* Scrumdinger */ = {
			isa = PBXGroup;
			children = (
				84883BE72AAAF6D0006F6759 /* Views */,
				84883BD82AA9BBA3006F6759 /* Resources */,
				84BF2F842AA81C6000739E38 /* Models */,
				84BF2F7A2AA8171800739E38 /* Assets.xcassets */,
				84BF2F7C2AA8171800739E38 /* Preview Content */,
			);
			path = Scrumdinger;
			sourceTree = "<group>";
		};
		84BF2F7C2AA8171800739E38 /* Preview Content */ = {
			isa = PBXGroup;
			children = (
				84BF2F7D2AA8171800739E38 /* Preview Assets.xcassets */,
			);
			path = "Preview Content";
			sourceTree = "<group>";
		};
		84BF2F842AA81C6000739E38 /* Models */ = {
			isa = PBXGroup;
			children = (
				84883BD42AA9BA8B006F6759 /* AVPlayer+Ding.swift */,
				84883BDB2AA9BDDF006F6759 /* NewScrumSheet.swift */,
				84BF2F852AA81C7100739E38 /* Theme.swift */,
				84BF2F872AA81FB300739E38 /* DailyScrum.swift */,
				84883BD02AA98E4E006F6759 /* ScrumTimer.swift */,
				84883BDF2AA9D10F006F6759 /* History.swift */,
				84883BE12AA9D65F006F6759 /* ScrumStore.swift */,
				84883BE32AAAF241006F6759 /* ErrorWrapper.swift */,
				84883BEC2AAB0FF0006F6759 /* SpeechRecognizer.swift */,
			);
			path = Models;
			sourceTree = "<group>";
		};
/* End PBXGroup section */

/* Begin PBXNativeTarget section */
		84BF2F722AA8171700739E38 /* Scrumdinger */ = {
			isa = PBXNativeTarget;
			buildConfigurationList = 84BF2F812AA8171800739E38 /* Build configuration list for PBXNativeTarget "Scrumdinger" */;
			buildPhases = (
				84BF2F6F2AA8171700739E38 /* Sources */,
				84BF2F702AA8171700739E38 /* Frameworks */,
				84BF2F712AA8171700739E38 /* Resources */,
			);
			buildRules = (
			);
			dependencies = (
			);
			name = Scrumdinger;
			productName = Scrumdinger;
			productReference = 84BF2F732AA8171700739E38 /* Scrumdinger.app */;
			productType = "com.apple.product-type.application";
		};
/* End PBXNativeTarget section */

/* Begin PBXProject section */
		84BF2F6B2AA8171700739E38 /* Project object */ = {
			isa = PBXProject;
			attributes = {
				BuildIndependentTargetsInParallel = 1;
				LastSwiftUpdateCheck = 1430;
				LastUpgradeCheck = 1430;
				TargetAttributes = {
					84BF2F722AA8171700739E38 = {
						CreatedOnToolsVersion = 14.3.1;
					};
				};
			};
			buildConfigurationList = 84BF2F6E2AA8171700739E38 /* Build configuration list for PBXProject "Scrumdinger" */;
			compatibilityVersion = "Xcode 14.0";
			developmentRegion = en;
			hasScannedForEncodings = 0;
			knownRegions = (
				en,
				Base,
			);
			mainGroup = 84BF2F6A2AA8171700739E38;
			productRefGroup = 84BF2F742AA8171700739E38 /* Products */;
			projectDirPath = "";
			projectRoot = "";
			targets = (
				84BF2F722AA8171700739E38 /* Scrumdinger */,
			);
		};
/* End PBXProject section */

/* Begin PBXResourcesBuildPhase section */
		84BF2F712AA8171700739E38 /* Resources */ = {
			isa = PBXResourcesBuildPhase;
			buildActionMask = 2147483647;
			files = (
				84883BDA2AA9BBA3006F6759 /* ding.wav in Resources */,
				84BF2F7E2AA8171800739E38 /* Preview Assets.xcassets in Resources */,
				84BF2F7B2AA8171800739E38 /* Assets.xcassets in Resources */,
			);
			runOnlyForDeploymentPostprocessing = 0;
		};
/* End PBXResourcesBuildPhase section */

/* Begin PBXSourcesBuildPhase section */
		84BF2F6F2AA8171700739E38 /* Sources */ = {
			isa = PBXSourcesBuildPhase;
			buildActionMask = 2147483647;
			files = (
				84F552CE2AA85AB5003F6E7F /* ThemePicker.swift in Sources */,
				84883BCF2AA98C9E006F6759 /* ScrumProgressViewStyle.swift in Sources */,
				84883BE22AA9D65F006F6759 /* ScrumStore.swift in Sources */,
				84883BE02AA9D10F006F6759 /* History.swift in Sources */,
				84883BD32AA9ACA1006F6759 /* MeetingFooterView.swift in Sources */,
				84883BD12AA98E4E006F6759 /* ScrumTimer.swift in Sources */,
				84BF2F882AA81FB300739E38 /* DailyScrum.swift in Sources */,
				84BF2F902AA83A5C00739E38 /* DetailView.swift in Sources */,
				84883BDE2AA9BFC4006F6759 /* EditDetailSheet.swift in Sources */,
				84883BCD2AA98ACC006F6759 /* MeetingHeaderView.swift in Sources */,
				84883BED2AAB0FF0006F6759 /* SpeechRecognizer.swift in Sources */,
				84DF36C12AA851F50078B54B /* DetailEditView.swift in Sources */,
				84883BDC2AA9BDDF006F6759 /* NewScrumSheet.swift in Sources */,
				84883BEB2AAAF933006F6759 /* SpeakerArc.swift in Sources */,
				84BF2F8C2AA82B5600739E38 /* TrailingIconLabelStyle.swift in Sources */,
				84BF2F862AA81C7100739E38 /* Theme.swift in Sources */,
				84883BE92AAAF734006F6759 /* MeetingTimerView.swift in Sources */,
				84883BEF2AAB2505006F6759 /* HistoryView.swift in Sources */,
				84BF2F8E2AA8353000739E38 /* ScrumsView.swift in Sources */,
				84883BE42AAAF241006F6759 /* ErrorWrapper.swift in Sources */,
				84BF2F792AA8171700739E38 /* MeetingView.swift in Sources */,
				84BF2F772AA8171700739E38 /* ScrumdingerApp.swift in Sources */,
				84DF36C32AA8587B0078B54B /* ThemeView.swift in Sources */,
				84BF2F8A2AA8223000739E38 /* CardView.swift in Sources */,
				84883BD52AA9BA8B006F6759 /* AVPlayer+Ding.swift in Sources */,
				84883BE62AAAF2AB006F6759 /* ErrorView.swift in Sources */,
			);
			runOnlyForDeploymentPostprocessing = 0;
		};
/* End PBXSourcesBuildPhase section */

/* Begin XCBuildConfiguration section */
		84BF2F7F2AA8171800739E38 /* Debug */ = {
			isa = XCBuildConfiguration;
			buildSettings = {
				ALWAYS_SEARCH_USER_PATHS = NO;
				CLANG_ANALYZER_NONNULL = YES;
				CLANG_ANALYZER_NUMBER_OBJECT_CONVERSION = YES_AGGRESSIVE;
				CLANG_CXX_LANGUAGE_STANDARD = "gnu++20";
				CLANG_ENABLE_MODULES = YES;
				CLANG_ENABLE_OBJC_ARC = YES;
				CLANG_ENABLE_OBJC_WEAK = YES;
				CLANG_WARN_BLOCK_CAPTURE_AUTORELEASING = YES;
				CLANG_WARN_BOOL_CONVERSION = YES;
				CLANG_WARN_COMMA = YES;
				CLANG_WARN_CONSTANT_CONVERSION = YES;
				CLANG_WARN_DEPRECATED_OBJC_IMPLEMENTATIONS = YES;
				CLANG_WARN_DIRECT_OBJC_ISA_USAGE = YES_ERROR;
				CLANG_WARN_DOCUMENTATION_COMMENTS = YES;
				CLANG_WARN_EMPTY_BODY = YES;
				CLANG_WARN_ENUM_CONVERSION = YES;
				CLANG_WARN_INFINITE_RECURSION = YES;
				CLANG_WARN_INT_CONVERSION = YES;
				CLANG_WARN_NON_LITERAL_NULL_CONVERSION = YES;
				CLANG_WARN_OBJC_IMPLICIT_RETAIN_SELF = YES;
				CLANG_WARN_OBJC_LITERAL_CONVERSION = YES;
				CLANG_WARN_OBJC_ROOT_CLASS = YES_ERROR;
				CLANG_WARN_QUOTED_INCLUDE_IN_FRAMEWORK_HEADER = YES;
				CLANG_WARN_RANGE_LOOP_ANALYSIS = YES;
				CLANG_WARN_STRICT_PROTOTYPES = YES;
				CLANG_WARN_SUSPICIOUS_MOVE = YES;
				CLANG_WARN_UNGUARDED_AVAILABILITY = YES_AGGRESSIVE;
				CLANG_WARN_UNREACHABLE_CODE = YES;
				CLANG_WARN__DUPLICATE_METHOD_MATCH = YES;
				COPY_PHASE_STRIP = NO;
				DEBUG_INFORMATION_FORMAT = dwarf;
				ENABLE_STRICT_OBJC_MSGSEND = YES;
				ENABLE_TESTABILITY = YES;
				GCC_C_LANGUAGE_STANDARD = gnu11;
				GCC_DYNAMIC_NO_PIC = NO;
				GCC_NO_COMMON_BLOCKS = YES;
				GCC_OPTIMIZATION_LEVEL = 0;
				GCC_PREPROCESSOR_DEFINITIONS = (
					"DEBUG=1",
					"$(inherited)",
				);
				GCC_WARN_64_TO_32_BIT_CONVERSION = YES;
				GCC_WARN_ABOUT_RETURN_TYPE = YES_ERROR;
				GCC_WARN_UNDECLARED_SELECTOR = YES;
				GCC_WARN_UNINITIALIZED_AUTOS = YES_AGGRESSIVE;
				GCC_WARN_UNUSED_FUNCTION = YES;
				GCC_WARN_UNUSED_VARIABLE = YES;
				IPHONEOS_DEPLOYMENT_TARGET = 16.4;
				MTL_ENABLE_DEBUG_INFO = INCLUDE_SOURCE;
				MTL_FAST_MATH = YES;
				ONLY_ACTIVE_ARCH = YES;
				SDKROOT = iphoneos;
				SWIFT_ACTIVE_COMPILATION_CONDITIONS = DEBUG;
				SWIFT_OPTIMIZATION_LEVEL = "-Onone";
			};
			name = Debug;
		};
		84BF2F802AA8171800739E38 /* Release */ = {
			isa = XCBuildConfiguration;
			buildSettings = {
				ALWAYS_SEARCH_USER_PATHS = NO;
				CLANG_ANALYZER_NONNULL = YES;
				CLANG_ANALYZER_NUMBER_OBJECT_CONVERSION = YES_AGGRESSIVE;
				CLANG_CXX_LANGUAGE_STANDARD = "gnu++20";
				CLANG_ENABLE_MODULES = YES;
				CLANG_ENABLE_OBJC_ARC = YES;
				CLANG_ENABLE_OBJC_WEAK = YES;
				CLANG_WARN_BLOCK_CAPTURE_AUTORELEASING = YES;
				CLANG_WARN_BOOL_CONVERSION = YES;
				CLANG_WARN_COMMA = YES;
				CLANG_WARN_CONSTANT_CONVERSION = YES;
				CLANG_WARN_DEPRECATED_OBJC_IMPLEMENTATIONS = YES;
				CLANG_WARN_DIRECT_OBJC_ISA_USAGE = YES_ERROR;
				CLANG_WARN_DOCUMENTATION_COMMENTS = YES;
				CLANG_WARN_EMPTY_BODY = YES;
				CLANG_WARN_ENUM_CONVERSION = YES;
				CLANG_WARN_INFINITE_RECURSION = YES;
				CLANG_WARN_INT_CONVERSION = YES;
				CLANG_WARN_NON_LITERAL_NULL_CONVERSION = YES;
				CLANG_WARN_OBJC_IMPLICIT_RETAIN_SELF = YES;
				CLANG_WARN_OBJC_LITERAL_CONVERSION = YES;
				CLANG_WARN_OBJC_ROOT_CLASS = YES_ERROR;
				CLANG_WARN_QUOTED_INCLUDE_IN_FRAMEWORK_HEADER = YES;
				CLANG_WARN_RANGE_LOOP_ANALYSIS = YES;
				CLANG_WARN_STRICT_PROTOTYPES = YES;
				CLANG_WARN_SUSPICIOUS_MOVE = YES;
				CLANG_WARN_UNGUARDED_AVAILABILITY = YES_AGGRESSIVE;
				CLANG_WARN_UNREACHABLE_CODE = YES;
				CLANG_WARN__DUPLICATE_METHOD_MATCH = YES;
				COPY_PHASE_STRIP = NO;
				DEBUG_INFORMATION_FORMAT = "dwarf-with-dsym";
				ENABLE_NS_ASSERTIONS = NO;
				ENABLE_STRICT_OBJC_MSGSEND = YES;
				GCC_C_LANGUAGE_STANDARD = gnu11;
				GCC_NO_COMMON_BLOCKS = YES;
				GCC_WARN_64_TO_32_BIT_CONVERSION = YES;
				GCC_WARN_ABOUT_RETURN_TYPE = YES_ERROR;
				GCC_WARN_UNDECLARED_SELECTOR = YES;
				GCC_WARN_UNINITIALIZED_AUTOS = YES_AGGRESSIVE;
				GCC_WARN_UNUSED_FUNCTION = YES;
				GCC_WARN_UNUSED_VARIABLE = YES;
				IPHONEOS_DEPLOYMENT_TARGET = 16.4;
				MTL_ENABLE_DEBUG_INFO = NO;
				MTL_FAST_MATH = YES;
				SDKROOT = iphoneos;
				SWIFT_COMPILATION_MODE = wholemodule;
				SWIFT_OPTIMIZATION_LEVEL = "-O";
				VALIDATE_PRODUCT = YES;
			};
			name = Release;
		};
		84BF2F822AA8171800739E38 /* Debug */ = {
			isa = XCBuildConfiguration;
			buildSettings = {
				ASSETCATALOG_COMPILER_APPICON_NAME = AppIcon;
				ASSETCATALOG_COMPILER_GLOBAL_ACCENT_COLOR_NAME = AccentColor;
				CODE_SIGN_STYLE = Automatic;
				CURRENT_PROJECT_VERSION = 1;
				DEVELOPMENT_ASSET_PATHS = "\"Scrumdinger/Preview Content\"";
				ENABLE_PREVIEWS = YES;
				GENERATE_INFOPLIST_FILE = YES;
				INFOPLIST_KEY_NSMicrophoneUsageDescription = "Audio is recorded to transcribe the meeting. Audio recordings are discarded after transcription.";
				INFOPLIST_KEY_NSSpeechRecognitionUsageDescription = "You can view a text transcription of your meeting in the app.";
				INFOPLIST_KEY_UIApplicationSceneManifest_Generation = YES;
				INFOPLIST_KEY_UIApplicationSupportsIndirectInputEvents = YES;
				INFOPLIST_KEY_UILaunchScreen_Generation = YES;
				INFOPLIST_KEY_UISupportedInterfaceOrientations_iPad = "UIInterfaceOrientationPortrait UIInterfaceOrientationPortraitUpsideDown UIInterfaceOrientationLandscapeLeft UIInterfaceOrientationLandscapeRight";
				INFOPLIST_KEY_UISupportedInterfaceOrientations_iPhone = "UIInterfaceOrientationPortrait UIInterfaceOrientationLandscapeLeft UIInterfaceOrientationLandscapeRight";
				IPHONEOS_DEPLOYMENT_TARGET = 16.4;
				LD_RUNPATH_SEARCH_PATHS = (
					"$(inherited)",
					"@executable_path/Frameworks",
				);
				MARKETING_VERSION = 1.0;
				PRODUCT_BUNDLE_IDENTIFIER = com.minh.Scrumdinger;
				PRODUCT_NAME = "$(TARGET_NAME)";
				SWIFT_EMIT_LOC_STRINGS = YES;
				SWIFT_VERSION = 5.0;
				TARGETED_DEVICE_FAMILY = "1,2";
			};
			name = Debug;
		};
		84BF2F832AA8171800739E38 /* Release */ = {
			isa = XCBuildConfiguration;
			buildSettings = {
				ASSETCATALOG_COMPILER_APPICON_NAME = AppIcon;
				ASSETCATALOG_COMPILER_GLOBAL_ACCENT_COLOR_NAME = AccentColor;
				CODE_SIGN_STYLE = Automatic;
				CURRENT_PROJECT_VERSION = 1;
				DEVELOPMENT_ASSET_PATHS = "\"Scrumdinger/Preview Content\"";
				ENABLE_PREVIEWS = YES;
				GENERATE_INFOPLIST_FILE = YES;
				INFOPLIST_KEY_NSMicrophoneUsageDescription = "Audio is recorded to transcribe the meeting. Audio recordings are discarded after transcription.";
				INFOPLIST_KEY_NSSpeechRecognitionUsageDescription = "You can view a text transcription of your meeting in the app.";
				INFOPLIST_KEY_UIApplicationSceneManifest_Generation = YES;
				INFOPLIST_KEY_UIApplicationSupportsIndirectInputEvents = YES;
				INFOPLIST_KEY_UILaunchScreen_Generation = YES;
				INFOPLIST_KEY_UISupportedInterfaceOrientations_iPad = "UIInterfaceOrientationPortrait UIInterfaceOrientationPortraitUpsideDown UIInterfaceOrientationLandscapeLeft UIInterfaceOrientationLandscapeRight";
				INFOPLIST_KEY_UISupportedInterfaceOrientations_iPhone = "UIInterfaceOrientationPortrait UIInterfaceOrientationLandscapeLeft UIInterfaceOrientationLandscapeRight";
				IPHONEOS_DEPLOYMENT_TARGET = 16.4;
				LD_RUNPATH_SEARCH_PATHS = (
					"$(inherited)",
					"@executable_path/Frameworks",
				);
				MARKETING_VERSION = 1.0;
				PRODUCT_BUNDLE_IDENTIFIER = com.minh.Scrumdinger;
				PRODUCT_NAME = "$(TARGET_NAME)";
				SWIFT_EMIT_LOC_STRINGS = YES;
				SWIFT_VERSION = 5.0;
				TARGETED_DEVICE_FAMILY = "1,2";
			};
			name = Release;
		};
/* End XCBuildConfiguration section */

/* Begin XCConfigurationList section */
		84BF2F6E2AA8171700739E38 /* Build configuration list for PBXProject "Scrumdinger" */ = {
			isa = XCConfigurationList;
			buildConfigurations = (
				84BF2F7F2AA8171800739E38 /* Debug */,
				84BF2F802AA8171800739E38 /* Release */,
			);
			defaultConfigurationIsVisible = 0;
			defaultConfigurationName = Release;
		};
		84BF2F812AA8171800739E38 /* Build configuration list for PBXNativeTarget "Scrumdinger" */ = {
			isa = XCConfigurationList;
			buildConfigurations = (
				84BF2F822AA8171800739E38 /* Debug */,
				84BF2F832AA8171800739E38 /* Release */,
			);
			defaultConfigurationIsVisible = 0;
			defaultConfigurationName = Release;
		};
/* End XCConfigurationList section */
	};
	rootObject = 84BF2F6B2AA8171700739E38 /* Project object */;
}
